PODS:
  - p2.OAuth2 (2.2.1):
    - SwiftKeychain (~> 0.1.5)
  - SwiftKeychain (0.1.5)

DEPENDENCIES:
  - p2.OAuth2 (~> 2.2.1)

SPEC CHECKSUMS:
  p2.OAuth2: 7f5c44259ef83ea5b9ef8f9049310611788f86cb
  SwiftKeychain: 1387edad8b56c659daa93d9ffc99526bac5b0088

PODFILE CHECKSUM: 75d7312c0f3cf3d8dc07fa781ae9f6e550b0f650

COCOAPODS: 1.0.0.beta.3
