PODS:
  - p2.OAuth2 (2.2.9):
    - SwiftKeychain (~> 1.0)
  - SwiftKeychain (1.0.0)

DEPENDENCIES:
  - p2.OAuth2 (~> 2.2.1)

SPEC CHECKSUMS:
  p2.OAuth2: 2eaf525644bdf0d458ab59c4c1c9f0697132a3af
  SwiftKeychain: fd9ad69f7b3ff7a0c7ba579da508bbaa89a395b2

PODFILE CHECKSUM: 75d7312c0f3cf3d8dc07fa781ae9f6e550b0f650

COCOAPODS: 1.1.1
